
Microsoft Visual Studio Solution File, Format Version 12.00
# Visual Studio 15
VisualStudioVersion = 15.0.26124.0
MinimumVisualStudioVersion = 15.0.26124.0
Project("{2150E333-8FDC-42A3-9474-1A3956D46DE8}") = "src", "src", "{0FF60D5F-221B-47A6-A5BC-FCE3688D2F11}"
EndProject
Project("{9A19103F-16F7-4668-BE54-9A1E7A4F7556}") = "Trinity.Core", "src\Trinity.Core\Trinity.Core.csproj", "{184C1C35-56D2-4586-A9F2-AA16D04D7726}"
EndProject
Project("{FAE04EC0-301F-11D3-BF4B-00C04F79EFBC}") = "Trinity.Client", "src\Trinity.Client\Trinity.Client.csproj", "{F4D6BE65-6777-4C38-BF2D-09F63BBB6541}"
EndProject
Project("{FAE04EC0-301F-11D3-BF4B-00C04F79EFBC}") = "Trinity.Server", "src\Trinity.Server\Trinity.Server.csproj", "{190B8A38-3AC9-447D-A869-7321553984C1}"
EndProject
Global
	GlobalSection(SolutionConfigurationPlatforms) = preSolution
		Debug|Any CPU = Debug|Any CPU
		Debug|x64 = Debug|x64
		Debug|x86 = Debug|x86
		Release|Any CPU = Release|Any CPU
		Release|x64 = Release|x64
		Release|x86 = Release|x86
	EndGlobalSection
	GlobalSection(ProjectConfigurationPlatforms) = postSolution
		{184C1C35-56D2-4586-A9F2-AA16D04D7726}.Debug|Any CPU.ActiveCfg = Debug|Any CPU
		{184C1C35-56D2-4586-A9F2-AA16D04D7726}.Debug|Any CPU.Build.0 = Debug|Any CPU
		{184C1C35-56D2-4586-A9F2-AA16D04D7726}.Debug|x64.ActiveCfg = Debug|Any CPU
		{184C1C35-56D2-4586-A9F2-AA16D04D7726}.Debug|x64.Build.0 = Debug|Any CPU
		{184C1C35-56D2-4586-A9F2-AA16D04D7726}.Debug|x86.ActiveCfg = Debug|Any CPU
		{184C1C35-56D2-4586-A9F2-AA16D04D7726}.Debug|x86.Build.0 = Debug|Any CPU
		{184C1C35-56D2-4586-A9F2-AA16D04D7726}.Release|Any CPU.ActiveCfg = Release|Any CPU
		{184C1C35-56D2-4586-A9F2-AA16D04D7726}.Release|Any CPU.Build.0 = Release|Any CPU
		{184C1C35-56D2-4586-A9F2-AA16D04D7726}.Release|x64.ActiveCfg = Release|Any CPU
		{184C1C35-56D2-4586-A9F2-AA16D04D7726}.Release|x64.Build.0 = Release|Any CPU
		{184C1C35-56D2-4586-A9F2-AA16D04D7726}.Release|x86.ActiveCfg = Release|Any CPU
		{184C1C35-56D2-4586-A9F2-AA16D04D7726}.Release|x86.Build.0 = Release|Any CPU
		{F4D6BE65-6777-4C38-BF2D-09F63BBB6541}.Debug|Any CPU.ActiveCfg = Debug|Any CPU
		{F4D6BE65-6777-4C38-BF2D-09F63BBB6541}.Debug|Any CPU.Build.0 = Debug|Any CPU
		{F4D6BE65-6777-4C38-BF2D-09F63BBB6541}.Debug|x64.ActiveCfg = Debug|Any CPU
		{F4D6BE65-6777-4C38-BF2D-09F63BBB6541}.Debug|x64.Build.0 = Debug|Any CPU
		{F4D6BE65-6777-4C38-BF2D-09F63BBB6541}.Debug|x86.ActiveCfg = Debug|Any CPU
		{F4D6BE65-6777-4C38-BF2D-09F63BBB6541}.Debug|x86.Build.0 = Debug|Any CPU
		{F4D6BE65-6777-4C38-BF2D-09F63BBB6541}.Release|Any CPU.ActiveCfg = Release|Any CPU
		{F4D6BE65-6777-4C38-BF2D-09F63BBB6541}.Release|Any CPU.Build.0 = Release|Any CPU
		{F4D6BE65-6777-4C38-BF2D-09F63BBB6541}.Release|x64.ActiveCfg = Release|Any CPU
		{F4D6BE65-6777-4C38-BF2D-09F63BBB6541}.Release|x64.Build.0 = Release|Any CPU
		{F4D6BE65-6777-4C38-BF2D-09F63BBB6541}.Release|x86.ActiveCfg = Release|Any CPU
		{F4D6BE65-6777-4C38-BF2D-09F63BBB6541}.Release|x86.Build.0 = Release|Any CPU
		{190B8A38-3AC9-447D-A869-7321553984C1}.Debug|Any CPU.ActiveCfg = Debug|Any CPU
		{190B8A38-3AC9-447D-A869-7321553984C1}.Debug|Any CPU.Build.0 = Debug|Any CPU
		{190B8A38-3AC9-447D-A869-7321553984C1}.Debug|x64.ActiveCfg = Debug|Any CPU
		{190B8A38-3AC9-447D-A869-7321553984C1}.Debug|x64.Build.0 = Debug|Any CPU
		{190B8A38-3AC9-447D-A869-7321553984C1}.Debug|x86.ActiveCfg = Debug|Any CPU
		{190B8A38-3AC9-447D-A869-7321553984C1}.Debug|x86.Build.0 = Debug|Any CPU
		{190B8A38-3AC9-447D-A869-7321553984C1}.Release|Any CPU.ActiveCfg = Release|Any CPU
		{190B8A38-3AC9-447D-A869-7321553984C1}.Release|Any CPU.Build.0 = Release|Any CPU
		{190B8A38-3AC9-447D-A869-7321553984C1}.Release|x64.ActiveCfg = Release|Any CPU
		{190B8A38-3AC9-447D-A869-7321553984C1}.Release|x64.Build.0 = Release|Any CPU
		{190B8A38-3AC9-447D-A869-7321553984C1}.Release|x86.ActiveCfg = Release|Any CPU
		{190B8A38-3AC9-447D-A869-7321553984C1}.Release|x86.Build.0 = Release|Any CPU
	EndGlobalSection
	GlobalSection(SolutionProperties) = preSolution
		HideSolutionNode = FALSE
	EndGlobalSection
	GlobalSection(NestedProjects) = preSolution
		{184C1C35-56D2-4586-A9F2-AA16D04D7726} = {0FF60D5F-221B-47A6-A5BC-FCE3688D2F11}
		{F4D6BE65-6777-4C38-BF2D-09F63BBB6541} = {0FF60D5F-221B-47A6-A5BC-FCE3688D2F11}
		{190B8A38-3AC9-447D-A869-7321553984C1} = {0FF60D5F-221B-47A6-A5BC-FCE3688D2F11}
	EndGlobalSection
	GlobalSection(ExtensibilityGlobals) = postSolution
		SolutionGuid = {1803FF70-EF18-441B-A171-5BEF34016724}
	EndGlobalSection
EndGlobal
